// !$*UTF8*$!
{
	archiveVersion = 1;
	classes = {
	};
	objectVersion = 46;
	objects = {

/* Begin PBXBuildFile section */
		DB4D4B0318A59CC1004F5787 /* RecipeDetailViewController.m in Sources */ = {isa = PBXBuildFile; fileRef = DB4D4B0218A59CC1004F5787 /* RecipeDetailViewController.m */; };
		DB56BCDD1893270100AF2289 /* ProductsParseViewController.m in Sources */ = {isa = PBXBuildFile; fileRef = DB56BCDC1893270100AF2289 /* ProductsParseViewController.m */; };
		DBFC7794188DE381000181C6 /* Foundation.framework in Frameworks */ = {isa = PBXBuildFile; fileRef = DBFC7793188DE381000181C6 /* Foundation.framework */; };
		DBFC7796188DE381000181C6 /* CoreGraphics.framework in Frameworks */ = {isa = PBXBuildFile; fileRef = DBFC7795188DE381000181C6 /* CoreGraphics.framework */; };
		DBFC7798188DE381000181C6 /* UIKit.framework in Frameworks */ = {isa = PBXBuildFile; fileRef = DBFC7797188DE381000181C6 /* UIKit.framework */; };
		DBFC779E188DE381000181C6 /* InfoPlist.strings in Resources */ = {isa = PBXBuildFile; fileRef = DBFC779C188DE381000181C6 /* InfoPlist.strings */; };
		DBFC77A0188DE381000181C6 /* main.m in Sources */ = {isa = PBXBuildFile; fileRef = DBFC779F188DE381000181C6 /* main.m */; };
		DBFC77A4188DE381000181C6 /* AppDelegate.m in Sources */ = {isa = PBXBuildFile; fileRef = DBFC77A3188DE381000181C6 /* AppDelegate.m */; };
		DBFC77A6188DE381000181C6 /* Images.xcassets in Resources */ = {isa = PBXBuildFile; fileRef = DBFC77A5188DE381000181C6 /* Images.xcassets */; };
		DBFC77AD188DE381000181C6 /* XCTest.framework in Frameworks */ = {isa = PBXBuildFile; fileRef = DBFC77AC188DE381000181C6 /* XCTest.framework */; };
		DBFC77AE188DE381000181C6 /* Foundation.framework in Frameworks */ = {isa = PBXBuildFile; fileRef = DBFC7793188DE381000181C6 /* Foundation.framework */; };
		DBFC77AF188DE381000181C6 /* UIKit.framework in Frameworks */ = {isa = PBXBuildFile; fileRef = DBFC7797188DE381000181C6 /* UIKit.framework */; };
		DBFC77B7188DE381000181C6 /* InfoPlist.strings in Resources */ = {isa = PBXBuildFile; fileRef = DBFC77B5188DE381000181C6 /* InfoPlist.strings */; };
		DBFC77B9188DE381000181C6 /* IPSTests.m in Sources */ = {isa = PBXBuildFile; fileRef = DBFC77B8188DE381000181C6 /* IPSTests.m */; };
		DBFC77C6188DE3F4000181C6 /* Market.m in Sources */ = {isa = PBXBuildFile; fileRef = DBFC77C5188DE3F4000181C6 /* Market.m */; };
		DBFC77C9188DE402000181C6 /* Recipe.m in Sources */ = {isa = PBXBuildFile; fileRef = DBFC77C8188DE402000181C6 /* Recipe.m */; };
		DBFC77CC188DE41B000181C6 /* Product.m in Sources */ = {isa = PBXBuildFile; fileRef = DBFC77CB188DE41B000181C6 /* Product.m */; };
		DBFC77CF188DE453000181C6 /* ProductsViewController.m in Sources */ = {isa = PBXBuildFile; fileRef = DBFC77CE188DE453000181C6 /* ProductsViewController.m */; };
		DBFC77D2188DE46B000181C6 /* MarketsViewController.m in Sources */ = {isa = PBXBuildFile; fileRef = DBFC77D1188DE46B000181C6 /* MarketsViewController.m */; };
		DBFC77D8188DE4B6000181C6 /* ProductDetailViewController.m in Sources */ = {isa = PBXBuildFile; fileRef = DBFC77D7188DE4B6000181C6 /* ProductDetailViewController.m */; };
		DBFC77DB188DE4CE000181C6 /* MarketDetailViewController.m in Sources */ = {isa = PBXBuildFile; fileRef = DBFC77DA188DE4CE000181C6 /* MarketDetailViewController.m */; };
		DBFC77DE188DE50B000181C6 /* MainStoryboard.storyboard in Resources */ = {isa = PBXBuildFile; fileRef = DBFC77DD188DE50B000181C6 /* MainStoryboard.storyboard */; };
		DBFC77E0188DE8F1000181C6 /* CoreLocation.framework in Frameworks */ = {isa = PBXBuildFile; fileRef = DBFC77DF188DE8F1000181C6 /* CoreLocation.framework */; };
		DBFC77E3188E1667000181C6 /* MapKit.framework in Frameworks */ = {isa = PBXBuildFile; fileRef = DBFC77E2188E1667000181C6 /* MapKit.framework */; };
		DBFC77E5188F71A0000181C6 /* Parse.framework in Frameworks */ = {isa = PBXBuildFile; fileRef = DBFC77E4188F71A0000181C6 /* Parse.framework */; };
		DBFC77E7188F71E5000181C6 /* AudioToolbox.framework in Frameworks */ = {isa = PBXBuildFile; fileRef = DBFC77E6188F71E5000181C6 /* AudioToolbox.framework */; };
		DBFC77E9188F71EE000181C6 /* CFNetwork.framework in Frameworks */ = {isa = PBXBuildFile; fileRef = DBFC77E8188F71EE000181C6 /* CFNetwork.framework */; };
		DBFC77EB188F7215000181C6 /* libz.dylib in Frameworks */ = {isa = PBXBuildFile; fileRef = DBFC77EA188F7215000181C6 /* libz.dylib */; };
		DBFC77ED188F7222000181C6 /* MobileCoreServices.framework in Frameworks */ = {isa = PBXBuildFile; fileRef = DBFC77EC188F7222000181C6 /* MobileCoreServices.framework */; };
		DBFC77EF188F722B000181C6 /* QuartzCore.framework in Frameworks */ = {isa = PBXBuildFile; fileRef = DBFC77EE188F722B000181C6 /* QuartzCore.framework */; };
		DBFC77F1188F7234000181C6 /* Security.framework in Frameworks */ = {isa = PBXBuildFile; fileRef = DBFC77F0188F7234000181C6 /* Security.framework */; };
		DBFC77F3188F723A000181C6 /* StoreKit.framework in Frameworks */ = {isa = PBXBuildFile; fileRef = DBFC77F2188F723A000181C6 /* StoreKit.framework */; };
		DBFC77F5188F7244000181C6 /* SystemConfiguration.framework in Frameworks */ = {isa = PBXBuildFile; fileRef = DBFC77F4188F7244000181C6 /* SystemConfiguration.framework */; };
/* End PBXBuildFile section */

/* Begin PBXContainerItemProxy section */
		DBFC77B0188DE381000181C6 /* PBXContainerItemProxy */ = {
			isa = PBXContainerItemProxy;
			containerPortal = DBFC7788188DE381000181C6 /* Project object */;
			proxyType = 1;
			remoteGlobalIDString = DBFC778F188DE381000181C6;
			remoteInfo = IPS;
		};
/* End PBXContainerItemProxy section */

/* Begin PBXFileReference section */
		DB4D4B0118A59CC1004F5787 /* RecipeDetailViewController.h */ = {isa = PBXFileReference; fileEncoding = 4; lastKnownFileType = sourcecode.c.h; path = RecipeDetailViewController.h; sourceTree = "<group>"; };
		DB4D4B0218A59CC1004F5787 /* RecipeDetailViewController.m */ = {isa = PBXFileReference; fileEncoding = 4; lastKnownFileType = sourcecode.c.objc; path = RecipeDetailViewController.m; sourceTree = "<group>"; };
		DB56BCDB1893270100AF2289 /* ProductsParseViewController.h */ = {isa = PBXFileReference; fileEncoding = 4; lastKnownFileType = sourcecode.c.h; path = ProductsParseViewController.h; sourceTree = "<group>"; };
		DB56BCDC1893270100AF2289 /* ProductsParseViewController.m */ = {isa = PBXFileReference; fileEncoding = 4; lastKnownFileType = sourcecode.c.objc; path = ProductsParseViewController.m; sourceTree = "<group>"; };
		DBFC7790188DE381000181C6 /* IPS.app */ = {isa = PBXFileReference; explicitFileType = wrapper.application; includeInIndex = 0; path = IPS.app; sourceTree = BUILT_PRODUCTS_DIR; };
		DBFC7793188DE381000181C6 /* Foundation.framework */ = {isa = PBXFileReference; lastKnownFileType = wrapper.framework; name = Foundation.framework; path = System/Library/Frameworks/Foundation.framework; sourceTree = SDKROOT; };
		DBFC7795188DE381000181C6 /* CoreGraphics.framework */ = {isa = PBXFileReference; lastKnownFileType = wrapper.framework; name = CoreGraphics.framework; path = System/Library/Frameworks/CoreGraphics.framework; sourceTree = SDKROOT; };
		DBFC7797188DE381000181C6 /* UIKit.framework */ = {isa = PBXFileReference; lastKnownFileType = wrapper.framework; name = UIKit.framework; path = System/Library/Frameworks/UIKit.framework; sourceTree = SDKROOT; };
		DBFC779B188DE381000181C6 /* IPS-Info.plist */ = {isa = PBXFileReference; lastKnownFileType = text.plist.xml; path = "IPS-Info.plist"; sourceTree = "<group>"; };
		DBFC779D188DE381000181C6 /* en */ = {isa = PBXFileReference; lastKnownFileType = text.plist.strings; name = en; path = en.lproj/InfoPlist.strings; sourceTree = "<group>"; };
		DBFC779F188DE381000181C6 /* main.m */ = {isa = PBXFileReference; lastKnownFileType = sourcecode.c.objc; path = main.m; sourceTree = "<group>"; };
		DBFC77A1188DE381000181C6 /* IPS-Prefix.pch */ = {isa = PBXFileReference; lastKnownFileType = sourcecode.c.h; path = "IPS-Prefix.pch"; sourceTree = "<group>"; };
		DBFC77A2188DE381000181C6 /* AppDelegate.h */ = {isa = PBXFileReference; lastKnownFileType = sourcecode.c.h; path = AppDelegate.h; sourceTree = "<group>"; };
		DBFC77A3188DE381000181C6 /* AppDelegate.m */ = {isa = PBXFileReference; lastKnownFileType = sourcecode.c.objc; path = AppDelegate.m; sourceTree = "<group>"; };
		DBFC77A5188DE381000181C6 /* Images.xcassets */ = {isa = PBXFileReference; lastKnownFileType = folder.assetcatalog; path = Images.xcassets; sourceTree = "<group>"; };
		DBFC77AB188DE381000181C6 /* IPSTests.xctest */ = {isa = PBXFileReference; explicitFileType = wrapper.cfbundle; includeInIndex = 0; path = IPSTests.xctest; sourceTree = BUILT_PRODUCTS_DIR; };
		DBFC77AC188DE381000181C6 /* XCTest.framework */ = {isa = PBXFileReference; lastKnownFileType = wrapper.framework; name = XCTest.framework; path = Library/Frameworks/XCTest.framework; sourceTree = DEVELOPER_DIR; };
		DBFC77B4188DE381000181C6 /* IPSTests-Info.plist */ = {isa = PBXFileReference; lastKnownFileType = text.plist.xml; path = "IPSTests-Info.plist"; sourceTree = "<group>"; };
		DBFC77B6188DE381000181C6 /* en */ = {isa = PBXFileReference; lastKnownFileType = text.plist.strings; name = en; path = en.lproj/InfoPlist.strings; sourceTree = "<group>"; };
		DBFC77B8188DE381000181C6 /* IPSTests.m */ = {isa = PBXFileReference; lastKnownFileType = sourcecode.c.objc; path = IPSTests.m; sourceTree = "<group>"; };
		DBFC77C4188DE3F4000181C6 /* Market.h */ = {isa = PBXFileReference; fileEncoding = 4; lastKnownFileType = sourcecode.c.h; path = Market.h; sourceTree = "<group>"; };
		DBFC77C5188DE3F4000181C6 /* Market.m */ = {isa = PBXFileReference; fileEncoding = 4; lastKnownFileType = sourcecode.c.objc; path = Market.m; sourceTree = "<group>"; };
		DBFC77C7188DE402000181C6 /* Recipe.h */ = {isa = PBXFileReference; fileEncoding = 4; lastKnownFileType = sourcecode.c.h; path = Recipe.h; sourceTree = "<group>"; };
		DBFC77C8188DE402000181C6 /* Recipe.m */ = {isa = PBXFileReference; fileEncoding = 4; lastKnownFileType = sourcecode.c.objc; path = Recipe.m; sourceTree = "<group>"; };
		DBFC77CA188DE41B000181C6 /* Product.h */ = {isa = PBXFileReference; fileEncoding = 4; lastKnownFileType = sourcecode.c.h; path = Product.h; sourceTree = "<group>"; };
		DBFC77CB188DE41B000181C6 /* Product.m */ = {isa = PBXFileReference; fileEncoding = 4; lastKnownFileType = sourcecode.c.objc; path = Product.m; sourceTree = "<group>"; };
		DBFC77CD188DE453000181C6 /* ProductsViewController.h */ = {isa = PBXFileReference; fileEncoding = 4; lastKnownFileType = sourcecode.c.h; path = ProductsViewController.h; sourceTree = "<group>"; };
		DBFC77CE188DE453000181C6 /* ProductsViewController.m */ = {isa = PBXFileReference; fileEncoding = 4; lastKnownFileType = sourcecode.c.objc; path = ProductsViewController.m; sourceTree = "<group>"; };
		DBFC77D0188DE46B000181C6 /* MarketsViewController.h */ = {isa = PBXFileReference; fileEncoding = 4; lastKnownFileType = sourcecode.c.h; path = MarketsViewController.h; sourceTree = "<group>"; };
		DBFC77D1188DE46B000181C6 /* MarketsViewController.m */ = {isa = PBXFileReference; fileEncoding = 4; lastKnownFileType = sourcecode.c.objc; path = MarketsViewController.m; sourceTree = "<group>"; };
		DBFC77D6188DE4B6000181C6 /* ProductDetailViewController.h */ = {isa = PBXFileReference; fileEncoding = 4; lastKnownFileType = sourcecode.c.h; path = ProductDetailViewController.h; sourceTree = "<group>"; };
		DBFC77D7188DE4B6000181C6 /* ProductDetailViewController.m */ = {isa = PBXFileReference; fileEncoding = 4; lastKnownFileType = sourcecode.c.objc; path = ProductDetailViewController.m; sourceTree = "<group>"; };
		DBFC77D9188DE4CE000181C6 /* MarketDetailViewController.h */ = {isa = PBXFileReference; fileEncoding = 4; lastKnownFileType = sourcecode.c.h; path = MarketDetailViewController.h; sourceTree = "<group>"; };
		DBFC77DA188DE4CE000181C6 /* MarketDetailViewController.m */ = {isa = PBXFileReference; fileEncoding = 4; lastKnownFileType = sourcecode.c.objc; path = MarketDetailViewController.m; sourceTree = "<group>"; };
		DBFC77DD188DE50B000181C6 /* MainStoryboard.storyboard */ = {isa = PBXFileReference; fileEncoding = 4; lastKnownFileType = file.storyboard; path = MainStoryboard.storyboard; sourceTree = "<group>"; };
		DBFC77DF188DE8F1000181C6 /* CoreLocation.framework */ = {isa = PBXFileReference; lastKnownFileType = wrapper.framework; name = CoreLocation.framework; path = System/Library/Frameworks/CoreLocation.framework; sourceTree = SDKROOT; };
		DBFC77E2188E1667000181C6 /* MapKit.framework */ = {isa = PBXFileReference; lastKnownFileType = wrapper.framework; name = MapKit.framework; path = System/Library/Frameworks/MapKit.framework; sourceTree = SDKROOT; };
		DBFC77E4188F71A0000181C6 /* Parse.framework */ = {isa = PBXFileReference; lastKnownFileType = wrapper.framework; path = Parse.framework; sourceTree = "<group>"; };
		DBFC77E6188F71E5000181C6 /* AudioToolbox.framework */ = {isa = PBXFileReference; lastKnownFileType = wrapper.framework; name = AudioToolbox.framework; path = System/Library/Frameworks/AudioToolbox.framework; sourceTree = SDKROOT; };
		DBFC77E8188F71EE000181C6 /* CFNetwork.framework */ = {isa = PBXFileReference; lastKnownFileType = wrapper.framework; name = CFNetwork.framework; path = System/Library/Frameworks/CFNetwork.framework; sourceTree = SDKROOT; };
		DBFC77EA188F7215000181C6 /* libz.dylib */ = {isa = PBXFileReference; lastKnownFileType = "compiled.mach-o.dylib"; name = libz.dylib; path = usr/lib/libz.dylib; sourceTree = SDKROOT; };
		DBFC77EC188F7222000181C6 /* MobileCoreServices.framework */ = {isa = PBXFileReference; lastKnownFileType = wrapper.framework; name = MobileCoreServices.framework; path = System/Library/Frameworks/MobileCoreServices.framework; sourceTree = SDKROOT; };
		DBFC77EE188F722B000181C6 /* QuartzCore.framework */ = {isa = PBXFileReference; lastKnownFileType = wrapper.framework; name = QuartzCore.framework; path = System/Library/Frameworks/QuartzCore.framework; sourceTree = SDKROOT; };
		DBFC77F0188F7234000181C6 /* Security.framework */ = {isa = PBXFileReference; lastKnownFileType = wrapper.framework; name = Security.framework; path = System/Library/Frameworks/Security.framework; sourceTree = SDKROOT; };
		DBFC77F2188F723A000181C6 /* StoreKit.framework */ = {isa = PBXFileReference; lastKnownFileType = wrapper.framework; name = StoreKit.framework; path = System/Library/Frameworks/StoreKit.framework; sourceTree = SDKROOT; };
		DBFC77F4188F7244000181C6 /* SystemConfiguration.framework */ = {isa = PBXFileReference; lastKnownFileType = wrapper.framework; name = SystemConfiguration.framework; path = System/Library/Frameworks/SystemConfiguration.framework; sourceTree = SDKROOT; };
/* End PBXFileReference section */

/* Begin PBXFrameworksBuildPhase section */
		DBFC778D188DE381000181C6 /* Frameworks */ = {
			isa = PBXFrameworksBuildPhase;
			buildActionMask = 2147483647;
			files = (
				DBFC77F5188F7244000181C6 /* SystemConfiguration.framework in Frameworks */,
				DBFC77F3188F723A000181C6 /* StoreKit.framework in Frameworks */,
				DBFC77F1188F7234000181C6 /* Security.framework in Frameworks */,
				DBFC77EF188F722B000181C6 /* QuartzCore.framework in Frameworks */,
				DBFC77ED188F7222000181C6 /* MobileCoreServices.framework in Frameworks */,
				DBFC77EB188F7215000181C6 /* libz.dylib in Frameworks */,
				DBFC77E0188DE8F1000181C6 /* CoreLocation.framework in Frameworks */,
				DBFC7796188DE381000181C6 /* CoreGraphics.framework in Frameworks */,
				DBFC77E9188F71EE000181C6 /* CFNetwork.framework in Frameworks */,
				DBFC77E7188F71E5000181C6 /* AudioToolbox.framework in Frameworks */,
				DBFC77E3188E1667000181C6 /* MapKit.framework in Frameworks */,
				DBFC7798188DE381000181C6 /* UIKit.framework in Frameworks */,
				DBFC77E5188F71A0000181C6 /* Parse.framework in Frameworks */,
				DBFC7794188DE381000181C6 /* Foundation.framework in Frameworks */,
			);
			runOnlyForDeploymentPostprocessing = 0;
		};
		DBFC77A8188DE381000181C6 /* Frameworks */ = {
			isa = PBXFrameworksBuildPhase;
			buildActionMask = 2147483647;
			files = (
				DBFC77AD188DE381000181C6 /* XCTest.framework in Frameworks */,
				DBFC77AF188DE381000181C6 /* UIKit.framework in Frameworks */,
				DBFC77AE188DE381000181C6 /* Foundation.framework in Frameworks */,
			);
			runOnlyForDeploymentPostprocessing = 0;
		};
/* End PBXFrameworksBuildPhase section */

/* Begin PBXGroup section */
		DBFC7787188DE381000181C6 = {
			isa = PBXGroup;
			children = (
				DBFC7799188DE381000181C6 /* IPS */,
				DBFC77B2188DE381000181C6 /* IPSTests */,
				DBFC7792188DE381000181C6 /* Frameworks */,
				DBFC7791188DE381000181C6 /* Products */,
			);
			sourceTree = "<group>";
		};
		DBFC7791188DE381000181C6 /* Products */ = {
			isa = PBXGroup;
			children = (
				DBFC7790188DE381000181C6 /* IPS.app */,
				DBFC77AB188DE381000181C6 /* IPSTests.xctest */,
			);
			name = Products;
			sourceTree = "<group>";
		};
		DBFC7792188DE381000181C6 /* Frameworks */ = {
			isa = PBXGroup;
			children = (
				DBFC77F4188F7244000181C6 /* SystemConfiguration.framework */,
				DBFC77F2188F723A000181C6 /* StoreKit.framework */,
				DBFC77F0188F7234000181C6 /* Security.framework */,
				DBFC77EE188F722B000181C6 /* QuartzCore.framework */,
				DBFC77EC188F7222000181C6 /* MobileCoreServices.framework */,
				DBFC77EA188F7215000181C6 /* libz.dylib */,
				DBFC77E8188F71EE000181C6 /* CFNetwork.framework */,
				DBFC77E6188F71E5000181C6 /* AudioToolbox.framework */,
				DBFC77E4188F71A0000181C6 /* Parse.framework */,
				DBFC77E2188E1667000181C6 /* MapKit.framework */,
				DBFC77DF188DE8F1000181C6 /* CoreLocation.framework */,
				DBFC7793188DE381000181C6 /* Foundation.framework */,
				DBFC7795188DE381000181C6 /* CoreGraphics.framework */,
				DBFC7797188DE381000181C6 /* UIKit.framework */,
				DBFC77AC188DE381000181C6 /* XCTest.framework */,
			);
			name = Frameworks;
			sourceTree = "<group>";
		};
		DBFC7799188DE381000181C6 /* IPS */ = {
			isa = PBXGroup;
			children = (
				DBFC77E1188DED3F000181C6 /* Delegates */,
				DBFC77DC188DE4F2000181C6 /* Views */,
				DBFC77C3188DE39F000181C6 /* Controllers */,
				DBFC77C2188DE38B000181C6 /* Models */,
				DBFC77A5188DE381000181C6 /* Images.xcassets */,
				DBFC779A188DE381000181C6 /* Supporting Files */,
			);
			path = IPS;
			sourceTree = "<group>";
		};
		DBFC779A188DE381000181C6 /* Supporting Files */ = {
			isa = PBXGroup;
			children = (
				DBFC779B188DE381000181C6 /* IPS-Info.plist */,
				DBFC779C188DE381000181C6 /* InfoPlist.strings */,
				DBFC779F188DE381000181C6 /* main.m */,
				DBFC77A1188DE381000181C6 /* IPS-Prefix.pch */,
			);
			name = "Supporting Files";
			sourceTree = "<group>";
		};
		DBFC77B2188DE381000181C6 /* IPSTests */ = {
			isa = PBXGroup;
			children = (
				DBFC77B8188DE381000181C6 /* IPSTests.m */,
				DBFC77B3188DE381000181C6 /* Supporting Files */,
			);
			path = IPSTests;
			sourceTree = "<group>";
		};
		DBFC77B3188DE381000181C6 /* Supporting Files */ = {
			isa = PBXGroup;
			children = (
				DBFC77B4188DE381000181C6 /* IPSTests-Info.plist */,
				DBFC77B5188DE381000181C6 /* InfoPlist.strings */,
			);
			name = "Supporting Files";
			sourceTree = "<group>";
		};
		DBFC77C2188DE38B000181C6 /* Models */ = {
			isa = PBXGroup;
			children = (
				DBFC77C4188DE3F4000181C6 /* Market.h */,
				DBFC77C5188DE3F4000181C6 /* Market.m */,
				DBFC77C7188DE402000181C6 /* Recipe.h */,
				DBFC77C8188DE402000181C6 /* Recipe.m */,
				DBFC77CA188DE41B000181C6 /* Product.h */,
				DBFC77CB188DE41B000181C6 /* Product.m */,
			);
			name = Models;
			sourceTree = "<group>";
		};
		DBFC77C3188DE39F000181C6 /* Controllers */ = {
			isa = PBXGroup;
			children = (
				DBFC77CD188DE453000181C6 /* ProductsViewController.h */,
				DBFC77CE188DE453000181C6 /* ProductsViewController.m */,
				DBFC77D0188DE46B000181C6 /* MarketsViewController.h */,
				DBFC77D1188DE46B000181C6 /* MarketsViewController.m */,
				DBFC77D6188DE4B6000181C6 /* ProductDetailViewController.h */,
				DBFC77D7188DE4B6000181C6 /* ProductDetailViewController.m */,
				DBFC77D9188DE4CE000181C6 /* MarketDetailViewController.h */,
				DBFC77DA188DE4CE000181C6 /* MarketDetailViewController.m */,
				DB56BCDB1893270100AF2289 /* ProductsParseViewController.h */,
				DB56BCDC1893270100AF2289 /* ProductsParseViewController.m */,
				DB4D4B0118A59CC1004F5787 /* RecipeDetailViewController.h */,
				DB4D4B0218A59CC1004F5787 /* RecipeDetailViewController.m */,
			);
			name = Controllers;
			sourceTree = "<group>";
		};
		DBFC77DC188DE4F2000181C6 /* Views */ = {
			isa = PBXGroup;
			children = (
				DBFC77DD188DE50B000181C6 /* MainStoryboard.storyboard */,
			);
			name = Views;
			sourceTree = "<group>";
		};
		DBFC77E1188DED3F000181C6 /* Delegates */ = {
			isa = PBXGroup;
			children = (
				DBFC77A2188DE381000181C6 /* AppDelegate.h */,
				DBFC77A3188DE381000181C6 /* AppDelegate.m */,
			);
			name = Delegates;
			sourceTree = "<group>";
		};
/* End PBXGroup section */

/* Begin PBXNativeTarget section */
		DBFC778F188DE381000181C6 /* IPS */ = {
			isa = PBXNativeTarget;
			buildConfigurationList = DBFC77BC188DE381000181C6 /* Build configuration list for PBXNativeTarget "IPS" */;
			buildPhases = (
				DBFC778C188DE381000181C6 /* Sources */,
				DBFC778D188DE381000181C6 /* Frameworks */,
				DBFC778E188DE381000181C6 /* Resources */,
			);
			buildRules = (
			);
			dependencies = (
			);
			name = IPS;
			productName = IPS;
			productReference = DBFC7790188DE381000181C6 /* IPS.app */;
			productType = "com.apple.product-type.application";
		};
		DBFC77AA188DE381000181C6 /* IPSTests */ = {
			isa = PBXNativeTarget;
			buildConfigurationList = DBFC77BF188DE381000181C6 /* Build configuration list for PBXNativeTarget "IPSTests" */;
			buildPhases = (
				DBFC77A7188DE381000181C6 /* Sources */,
				DBFC77A8188DE381000181C6 /* Frameworks */,
				DBFC77A9188DE381000181C6 /* Resources */,
			);
			buildRules = (
			);
			dependencies = (
				DBFC77B1188DE381000181C6 /* PBXTargetDependency */,
			);
			name = IPSTests;
			productName = IPSTests;
			productReference = DBFC77AB188DE381000181C6 /* IPSTests.xctest */;
			productType = "com.apple.product-type.bundle.unit-test";
		};
/* End PBXNativeTarget section */

/* Begin PBXProject section */
		DBFC7788188DE381000181C6 /* Project object */ = {
			isa = PBXProject;
			attributes = {
				LastUpgradeCheck = 0500;
				ORGANIZATIONNAME = JPBerti;
				TargetAttributes = {
					DBFC77AA188DE381000181C6 = {
						TestTargetID = DBFC778F188DE381000181C6;
					};
				};
			};
			buildConfigurationList = DBFC778B188DE381000181C6 /* Build configuration list for PBXProject "IPS" */;
			compatibilityVersion = "Xcode 3.2";
			developmentRegion = English;
			hasScannedForEncodings = 0;
			knownRegions = (
				en,
			);
			mainGroup = DBFC7787188DE381000181C6;
			productRefGroup = DBFC7791188DE381000181C6 /* Products */;
			projectDirPath = "";
			projectRoot = "";
			targets = (
				DBFC778F188DE381000181C6 /* IPS */,
				DBFC77AA188DE381000181C6 /* IPSTests */,
			);
		};
/* End PBXProject section */

/* Begin PBXResourcesBuildPhase section */
		DBFC778E188DE381000181C6 /* Resources */ = {
			isa = PBXResourcesBuildPhase;
			buildActionMask = 2147483647;
			files = (
				DBFC77DE188DE50B000181C6 /* MainStoryboard.storyboard in Resources */,
				DBFC779E188DE381000181C6 /* InfoPlist.strings in Resources */,
				DBFC77A6188DE381000181C6 /* Images.xcassets in Resources */,
			);
			runOnlyForDeploymentPostprocessing = 0;
		};
		DBFC77A9188DE381000181C6 /* Resources */ = {
			isa = PBXResourcesBuildPhase;
			buildActionMask = 2147483647;
			files = (
				DBFC77B7188DE381000181C6 /* InfoPlist.strings in Resources */,
			);
			runOnlyForDeploymentPostprocessing = 0;
		};
/* End PBXResourcesBuildPhase section */

/* Begin PBXSourcesBuildPhase section */
		DBFC778C188DE381000181C6 /* Sources */ = {
			isa = PBXSourcesBuildPhase;
			buildActionMask = 2147483647;
			files = (
				DBFC77A4188DE381000181C6 /* AppDelegate.m in Sources */,
				DBFC77CC188DE41B000181C6 /* Product.m in Sources */,
				DB56BCDD1893270100AF2289 /* ProductsParseViewController.m in Sources */,
				DBFC77DB188DE4CE000181C6 /* MarketDetailViewController.m in Sources */,
				DBFC77A0188DE381000181C6 /* main.m in Sources */,
				DBFC77D8188DE4B6000181C6 /* ProductDetailViewController.m in Sources */,
				DBFC77C6188DE3F4000181C6 /* Market.m in Sources */,
				DBFC77D2188DE46B000181C6 /* MarketsViewController.m in Sources */,
				DB4D4B0318A59CC1004F5787 /* RecipeDetailViewController.m in Sources */,
				DBFC77CF188DE453000181C6 /* ProductsViewController.m in Sources */,
				DBFC77C9188DE402000181C6 /* Recipe.m in Sources */,
			);
			runOnlyForDeploymentPostprocessing = 0;
		};
		DBFC77A7188DE381000181C6 /* Sources */ = {
			isa = PBXSourcesBuildPhase;
			buildActionMask = 2147483647;
			files = (
				DBFC77B9188DE381000181C6 /* IPSTests.m in Sources */,
			);
			runOnlyForDeploymentPostprocessing = 0;
		};
/* End PBXSourcesBuildPhase section */

/* Begin PBXTargetDependency section */
		DBFC77B1188DE381000181C6 /* PBXTargetDependency */ = {
			isa = PBXTargetDependency;
			target = DBFC778F188DE381000181C6 /* IPS */;
			targetProxy = DBFC77B0188DE381000181C6 /* PBXContainerItemProxy */;
		};
/* End PBXTargetDependency section */

/* Begin PBXVariantGroup section */
		DBFC779C188DE381000181C6 /* InfoPlist.strings */ = {
			isa = PBXVariantGroup;
			children = (
				DBFC779D188DE381000181C6 /* en */,
			);
			name = InfoPlist.strings;
			sourceTree = "<group>";
		};
		DBFC77B5188DE381000181C6 /* InfoPlist.strings */ = {
			isa = PBXVariantGroup;
			children = (
				DBFC77B6188DE381000181C6 /* en */,
			);
			name = InfoPlist.strings;
			sourceTree = "<group>";
		};
/* End PBXVariantGroup section */

/* Begin XCBuildConfiguration section */
		DBFC77BA188DE381000181C6 /* Debug */ = {
			isa = XCBuildConfiguration;
			buildSettings = {
				ALWAYS_SEARCH_USER_PATHS = NO;
				ARCHS = "$(ARCHS_STANDARD_INCLUDING_64_BIT)";
				CLANG_CXX_LANGUAGE_STANDARD = "gnu++0x";
				CLANG_CXX_LIBRARY = "libc++";
				CLANG_ENABLE_MODULES = YES;
				CLANG_ENABLE_OBJC_ARC = YES;
				CLANG_WARN_BOOL_CONVERSION = YES;
				CLANG_WARN_CONSTANT_CONVERSION = YES;
				CLANG_WARN_DIRECT_OBJC_ISA_USAGE = YES_ERROR;
				CLANG_WARN_EMPTY_BODY = YES;
				CLANG_WARN_ENUM_CONVERSION = YES;
				CLANG_WARN_INT_CONVERSION = YES;
				CLANG_WARN_OBJC_ROOT_CLASS = YES_ERROR;
				CLANG_WARN__DUPLICATE_METHOD_MATCH = YES;
				"CODE_SIGN_IDENTITY[sdk=iphoneos*]" = "iPhone Developer";
				COPY_PHASE_STRIP = NO;
				GCC_C_LANGUAGE_STANDARD = gnu99;
				GCC_DYNAMIC_NO_PIC = NO;
				GCC_OPTIMIZATION_LEVEL = 0;
				GCC_PREPROCESSOR_DEFINITIONS = (
					"DEBUG=1",
					"$(inherited)",
				);
				GCC_SYMBOLS_PRIVATE_EXTERN = NO;
				GCC_WARN_64_TO_32_BIT_CONVERSION = YES;
				GCC_WARN_ABOUT_RETURN_TYPE = YES_ERROR;
				GCC_WARN_UNDECLARED_SELECTOR = YES;
				GCC_WARN_UNINITIALIZED_AUTOS = YES;
				GCC_WARN_UNUSED_FUNCTION = YES;
				GCC_WARN_UNUSED_VARIABLE = YES;
				IPHONEOS_DEPLOYMENT_TARGET = 7.0;
				ONLY_ACTIVE_ARCH = YES;
				SDKROOT = iphoneos;
			};
			name = Debug;
		};
		DBFC77BB188DE381000181C6 /* Release */ = {
			isa = XCBuildConfiguration;
			buildSettings = {
				ALWAYS_SEARCH_USER_PATHS = NO;
				ARCHS = "$(ARCHS_STANDARD_INCLUDING_64_BIT)";
				CLANG_CXX_LANGUAGE_STANDARD = "gnu++0x";
				CLANG_CXX_LIBRARY = "libc++";
				CLANG_ENABLE_MODULES = YES;
				CLANG_ENABLE_OBJC_ARC = YES;
				CLANG_WARN_BOOL_CONVERSION = YES;
				CLANG_WARN_CONSTANT_CONVERSION = YES;
				CLANG_WARN_DIRECT_OBJC_ISA_USAGE = YES_ERROR;
				CLANG_WARN_EMPTY_BODY = YES;
				CLANG_WARN_ENUM_CONVERSION = YES;
				CLANG_WARN_INT_CONVERSION = YES;
				CLANG_WARN_OBJC_ROOT_CLASS = YES_ERROR;
				CLANG_WARN__DUPLICATE_METHOD_MATCH = YES;
				"CODE_SIGN_IDENTITY[sdk=iphoneos*]" = "iPhone Developer";
				COPY_PHASE_STRIP = YES;
				ENABLE_NS_ASSERTIONS = NO;
				GCC_C_LANGUAGE_STANDARD = gnu99;
				GCC_WARN_64_TO_32_BIT_CONVERSION = YES;
				GCC_WARN_ABOUT_RETURN_TYPE = YES_ERROR;
				GCC_WARN_UNDECLARED_SELECTOR = YES;
				GCC_WARN_UNINITIALIZED_AUTOS = YES;
				GCC_WARN_UNUSED_FUNCTION = YES;
				GCC_WARN_UNUSED_VARIABLE = YES;
				IPHONEOS_DEPLOYMENT_TARGET = 7.0;
				SDKROOT = iphoneos;
				VALIDATE_PRODUCT = YES;
			};
			name = Release;
		};
		DBFC77BD188DE381000181C6 /* Debug */ = {
			isa = XCBuildConfiguration;
			buildSettings = {
				ASSETCATALOG_COMPILER_APPICON_NAME = AppIcon;
				ASSETCATALOG_COMPILER_LAUNCHIMAGE_NAME = LaunchImage;
				FRAMEWORK_SEARCH_PATHS = (
					"$(inherited)",
					/Users/jpberti/Documents/workspace/IPS_V1.0/IPS,
				);
				GCC_PRECOMPILE_PREFIX_HEADER = YES;
				GCC_PREFIX_HEADER = "IPS/IPS-Prefix.pch";
				INFOPLIST_FILE = "IPS/IPS-Info.plist";
				PRODUCT_NAME = "$(TARGET_NAME)";
				WRAPPER_EXTENSION = app;
			};
			name = Debug;
		};
		DBFC77BE188DE381000181C6 /* Release */ = {
			isa = XCBuildConfiguration;
			buildSettings = {
				ASSETCATALOG_COMPILER_APPICON_NAME = AppIcon;
				ASSETCATALOG_COMPILER_LAUNCHIMAGE_NAME = LaunchImage;
				FRAMEWORK_SEARCH_PATHS = (
					"$(inherited)",
					/Users/jpberti/Documents/workspace/IPS_V1.0/IPS,
				);
				GCC_PRECOMPILE_PREFIX_HEADER = YES;
				GCC_PREFIX_HEADER = "IPS/IPS-Prefix.pch";
				INFOPLIST_FILE = "IPS/IPS-Info.plist";
				PRODUCT_NAME = "$(TARGET_NAME)";
				WRAPPER_EXTENSION = app;
			};
			name = Release;
		};
		DBFC77C0188DE381000181C6 /* Debug */ = {
			isa = XCBuildConfiguration;
			buildSettings = {
				ARCHS = "$(ARCHS_STANDARD_INCLUDING_64_BIT)";
				BUNDLE_LOADER = "$(BUILT_PRODUCTS_DIR)/IPS.app/IPS";
				FRAMEWORK_SEARCH_PATHS = (
					"$(SDKROOT)/Developer/Library/Frameworks",
					"$(inherited)",
					"$(DEVELOPER_FRAMEWORKS_DIR)",
				);
				GCC_PRECOMPILE_PREFIX_HEADER = YES;
				GCC_PREFIX_HEADER = "IPS/IPS-Prefix.pch";
				GCC_PREPROCESSOR_DEFINITIONS = (
					"DEBUG=1",
					"$(inherited)",
				);
				INFOPLIST_FILE = "IPSTests/IPSTests-Info.plist";
				PRODUCT_NAME = "$(TARGET_NAME)";
				TEST_HOST = "$(BUNDLE_LOADER)";
				WRAPPER_EXTENSION = xctest;
			};
			name = Debug;
		};
		DBFC77C1188DE381000181C6 /* Release */ = {
			isa = XCBuildConfiguration;
			buildSettings = {
				ARCHS = "$(ARCHS_STANDARD_INCLUDING_64_BIT)";
				BUNDLE_LOADER = "$(BUILT_PRODUCTS_DIR)/IPS.app/IPS";
				FRAMEWORK_SEARCH_PATHS = (
					"$(SDKROOT)/Developer/Library/Frameworks",
					"$(inherited)",
					"$(DEVELOPER_FRAMEWORKS_DIR)",
				);
				GCC_PRECOMPILE_PREFIX_HEADER = YES;
				GCC_PREFIX_HEADER = "IPS/IPS-Prefix.pch";
				INFOPLIST_FILE = "IPSTests/IPSTests-Info.plist";
				PRODUCT_NAME = "$(TARGET_NAME)";
				TEST_HOST = "$(BUNDLE_LOADER)";
				WRAPPER_EXTENSION = xctest;
			};
			name = Release;
		};
/* End XCBuildConfiguration section */

/* Begin XCConfigurationList section */
		DBFC778B188DE381000181C6 /* Build configuration list for PBXProject "IPS" */ = {
			isa = XCConfigurationList;
			buildConfigurations = (
				DBFC77BA188DE381000181C6 /* Debug */,
				DBFC77BB188DE381000181C6 /* Release */,
			);
			defaultConfigurationIsVisible = 0;
			defaultConfigurationName = Release;
		};
		DBFC77BC188DE381000181C6 /* Build configuration list for PBXNativeTarget "IPS" */ = {
			isa = XCConfigurationList;
			buildConfigurations = (
				DBFC77BD188DE381000181C6 /* Debug */,
				DBFC77BE188DE381000181C6 /* Release */,
			);
			defaultConfigurationIsVisible = 0;
			defaultConfigurationName = Release;
		};
		DBFC77BF188DE381000181C6 /* Build configuration list for PBXNativeTarget "IPSTests" */ = {
			isa = XCConfigurationList;
			buildConfigurations = (
				DBFC77C0188DE381000181C6 /* Debug */,
				DBFC77C1188DE381000181C6 /* Release */,
			);
			defaultConfigurationIsVisible = 0;
			defaultConfigurationName = Release;
		};
/* End XCConfigurationList section */
	};
	rootObject = DBFC7788188DE381000181C6 /* Project object */;
}
